Microsoft Visual Studio Solution File, Format Version 10.00
# Visual Studio 2008
Project("{8BC9CEB8-8B4A-11D0-8D11-00A0C91BC942}") = "ALL_BUILD", ".\ALL_BUILD.vcproj", "{5B70A188-C661-497F-873C-DC974AB8AD9E}"
	ProjectSection(ProjectDependencies) = postProject
		{F1631C9F-0C51-4B45-B00D-80A5209FD9B9} = {F1631C9F-0C51-4B45-B00D-80A5209FD9B9}
		{B28B6DA2-8F7C-47DF-B20D-BD192E1E667A} = {B28B6DA2-8F7C-47DF-B20D-BD192E1E667A}
	EndProjectSection
EndProject
Project("{8BC9CEB8-8B4A-11D0-8D11-00A0C91BC942}") = "ZERO_CHECK", ".\ZERO_CHECK.vcproj", "{F1631C9F-0C51-4B45-B00D-80A5209FD9B9}"
	ProjectSection(ProjectDependencies) = postProject
	EndProjectSection
EndProject
Project("{8BC9CEB8-8B4A-11D0-8D11-00A0C91BC942}") = "pdt2seg", ".\pdt2seg.vcproj", "{B28B6DA2-8F7C-47DF-B20D-BD192E1E667A}"
	ProjectSection(ProjectDependencies) = postProject
		{F1631C9F-0C51-4B45-B00D-80A5209FD9B9} = {F1631C9F-0C51-4B45-B00D-80A5209FD9B9}
	EndProjectSection
EndProject
Global
	GlobalSection(SolutionConfigurationPlatforms) = preSolution
		Debug|Win32 = Debug|Win32
		Release|Win32 = Release|Win32
		MinSizeRel|Win32 = MinSizeRel|Win32
		RelWithDebInfo|Win32 = RelWithDebInfo|Win32
	EndGlobalSection
	GlobalSection(ProjectConfigurationPlatforms) = postSolution
		{5B70A188-C661-497F-873C-DC974AB8AD9E}.Debug|Win32.ActiveCfg = Debug|Win32
		{5B70A188-C661-497F-873C-DC974AB8AD9E}.Release|Win32.ActiveCfg = Release|Win32
		{5B70A188-C661-497F-873C-DC974AB8AD9E}.MinSizeRel|Win32.ActiveCfg = MinSizeRel|Win32
		{5B70A188-C661-497F-873C-DC974AB8AD9E}.RelWithDebInfo|Win32.ActiveCfg = RelWithDebInfo|Win32
		{F1631C9F-0C51-4B45-B00D-80A5209FD9B9}.Debug|Win32.ActiveCfg = Debug|Win32
		{F1631C9F-0C51-4B45-B00D-80A5209FD9B9}.Debug|Win32.Build.0 = Debug|Win32
		{F1631C9F-0C51-4B45-B00D-80A5209FD9B9}.Release|Win32.ActiveCfg = Release|Win32
		{F1631C9F-0C51-4B45-B00D-80A5209FD9B9}.Release|Win32.Build.0 = Release|Win32
		{F1631C9F-0C51-4B45-B00D-80A5209FD9B9}.MinSizeRel|Win32.ActiveCfg = MinSizeRel|Win32
		{F1631C9F-0C51-4B45-B00D-80A5209FD9B9}.MinSizeRel|Win32.Build.0 = MinSizeRel|Win32
		{F1631C9F-0C51-4B45-B00D-80A5209FD9B9}.RelWithDebInfo|Win32.ActiveCfg = RelWithDebInfo|Win32
		{F1631C9F-0C51-4B45-B00D-80A5209FD9B9}.RelWithDebInfo|Win32.Build.0 = RelWithDebInfo|Win32
		{B28B6DA2-8F7C-47DF-B20D-BD192E1E667A}.Debug|Win32.ActiveCfg = Debug|Win32
		{B28B6DA2-8F7C-47DF-B20D-BD192E1E667A}.Debug|Win32.Build.0 = Debug|Win32
		{B28B6DA2-8F7C-47DF-B20D-BD192E1E667A}.Release|Win32.ActiveCfg = Release|Win32
		{B28B6DA2-8F7C-47DF-B20D-BD192E1E667A}.Release|Win32.Build.0 = Release|Win32
		{B28B6DA2-8F7C-47DF-B20D-BD192E1E667A}.MinSizeRel|Win32.ActiveCfg = MinSizeRel|Win32
		{B28B6DA2-8F7C-47DF-B20D-BD192E1E667A}.MinSizeRel|Win32.Build.0 = MinSizeRel|Win32
		{B28B6DA2-8F7C-47DF-B20D-BD192E1E667A}.RelWithDebInfo|Win32.ActiveCfg = RelWithDebInfo|Win32
		{B28B6DA2-8F7C-47DF-B20D-BD192E1E667A}.RelWithDebInfo|Win32.Build.0 = RelWithDebInfo|Win32
	EndGlobalSection
	GlobalSection(ExtensibilityGlobals) = postSolution
	EndGlobalSection
	GlobalSection(ExtensibilityAddIns) = postSolution
	EndGlobalSection
EndGlobal
